// !$*UTF8*$!
{
	archiveVersion = 1;
	classes = {
	};
	objectVersion = 56;
	objects = {

/* Begin PBXBuildFile section */
		2F29C3B62B9F63770032AB33 /* MapView.swift in Sources */ = {isa = PBXBuildFile; fileRef = 2F29C3B52B9F63770032AB33 /* MapView.swift */; };
		2F387A2F2B96A381000ED2B0 /* Driver.swift in Sources */ = {isa = PBXBuildFile; fileRef = 2F387A2E2B96A381000ED2B0 /* Driver.swift */; };
		2F54055A2B8BFC4900C8BC99 /* ClinicalLab_Driver_App.swift in Sources */ = {isa = PBXBuildFile; fileRef = 2F5405592B8BFC4900C8BC99 /* ClinicalLab_Driver_App.swift */; };
		2F54055C2B8BFC4900C8BC99 /* ContentView.swift in Sources */ = {isa = PBXBuildFile; fileRef = 2F54055B2B8BFC4900C8BC99 /* ContentView.swift */; };
		2F54055E2B8BFC4B00C8BC99 /* Assets.xcassets in Resources */ = {isa = PBXBuildFile; fileRef = 2F54055D2B8BFC4B00C8BC99 /* Assets.xcassets */; };
		2F5405612B8BFC4B00C8BC99 /* Preview Assets.xcassets in Resources */ = {isa = PBXBuildFile; fileRef = 2F5405602B8BFC4B00C8BC99 /* Preview Assets.xcassets */; };
		2F54056B2B8BFC4B00C8BC99 /* ClinicalLab_Driver_Tests.swift in Sources */ = {isa = PBXBuildFile; fileRef = 2F54056A2B8BFC4B00C8BC99 /* ClinicalLab_Driver_Tests.swift */; };
		2F5405752B8BFC4B00C8BC99 /* ClinicalLab_Driver_UITests.swift in Sources */ = {isa = PBXBuildFile; fileRef = 2F5405742B8BFC4B00C8BC99 /* ClinicalLab_Driver_UITests.swift */; };
		2F5405772B8BFC4B00C8BC99 /* ClinicalLab_Driver_UITestsLaunchTests.swift in Sources */ = {isa = PBXBuildFile; fileRef = 2F5405762B8BFC4B00C8BC99 /* ClinicalLab_Driver_UITestsLaunchTests.swift */; };
		2F5405882B8BFD1900C8BC99 /* LoginService.swift in Sources */ = {isa = PBXBuildFile; fileRef = 2F5405872B8BFD1900C8BC99 /* LoginService.swift */; };
		2F54058A2B8BFD2100C8BC99 /* LoginViewModel.swift in Sources */ = {isa = PBXBuildFile; fileRef = 2F5405892B8BFD2100C8BC99 /* LoginViewModel.swift */; };
		2F54058C2B8BFD7A00C8BC99 /* LoginView.swift in Sources */ = {isa = PBXBuildFile; fileRef = 2F54058B2B8BFD7A00C8BC99 /* LoginView.swift */; };
		2F54058E2B8BFF0D00C8BC99 /* SignUpService.swift in Sources */ = {isa = PBXBuildFile; fileRef = 2F54058D2B8BFF0D00C8BC99 /* SignUpService.swift */; };
		2F5405902B8BFF8D00C8BC99 /* SignUpViewModel.swift in Sources */ = {isa = PBXBuildFile; fileRef = 2F54058F2B8BFF8D00C8BC99 /* SignUpViewModel.swift */; };
		2F5405922B8BFFA200C8BC99 /* SignUpView.swift in Sources */ = {isa = PBXBuildFile; fileRef = 2F5405912B8BFFA200C8BC99 /* SignUpView.swift */; };
		2F5405942B8C001800C8BC99 /* SignUpRequest.swift in Sources */ = {isa = PBXBuildFile; fileRef = 2F5405932B8C001800C8BC99 /* SignUpRequest.swift */; };
		2F5405962B8C0BD900C8BC99 /* LoginRequest.swift in Sources */ = {isa = PBXBuildFile; fileRef = 2F5405952B8C0BD900C8BC99 /* LoginRequest.swift */; };
		2F5405982B8C142C00C8BC99 /* RouteService.swift in Sources */ = {isa = PBXBuildFile; fileRef = 2F5405972B8C142C00C8BC99 /* RouteService.swift */; };
		2F54059A2B8C143800C8BC99 /* Route.swift in Sources */ = {isa = PBXBuildFile; fileRef = 2F5405992B8C143800C8BC99 /* Route.swift */; };
		2F54059C2B8C14B900C8BC99 /* RouteViewModel.swift in Sources */ = {isa = PBXBuildFile; fileRef = 2F54059B2B8C14B900C8BC99 /* RouteViewModel.swift */; };
		2F54059E2B8C14DD00C8BC99 /* RoutesView.swift in Sources */ = {isa = PBXBuildFile; fileRef = 2F54059D2B8C14DD00C8BC99 /* RoutesView.swift */; };
		2F58352E2BAC046400304322 /* LoginViewModelTests.swift in Sources */ = {isa = PBXBuildFile; fileRef = 2F58352D2BAC046400304322 /* LoginViewModelTests.swift */; };
		2F5835322BAC07B700304322 /* LoginViewUITests.swift in Sources */ = {isa = PBXBuildFile; fileRef = 2F5835312BAC07B700304322 /* LoginViewUITests.swift */; };
		2FB32CF72BA2038100B99611 /* MapViewModel.swift in Sources */ = {isa = PBXBuildFile; fileRef = 2FB32CF62BA2038100B99611 /* MapViewModel.swift */; };
		2FB32CF92BA214D600B99611 /* CustomerMapView.swift in Sources */ = {isa = PBXBuildFile; fileRef = 2FB32CF82BA214D600B99611 /* CustomerMapView.swift */; };
		2FB32CFB2BA25CD900B99611 /* SettingsView.swift in Sources */ = {isa = PBXBuildFile; fileRef = 2FB32CFA2BA25CD900B99611 /* SettingsView.swift */; };
/* End PBXBuildFile section */

/* Begin PBXContainerItemProxy section */
		2F5405672B8BFC4B00C8BC99 /* PBXContainerItemProxy */ = {
			isa = PBXContainerItemProxy;
			containerPortal = 2F54054E2B8BFC4900C8BC99 /* Project object */;
			proxyType = 1;
			remoteGlobalIDString = 2F5405552B8BFC4900C8BC99;
			remoteInfo = "ClinicalLab(Driver)";
		};
		2F5405712B8BFC4B00C8BC99 /* PBXContainerItemProxy */ = {
			isa = PBXContainerItemProxy;
			containerPortal = 2F54054E2B8BFC4900C8BC99 /* Project object */;
			proxyType = 1;
			remoteGlobalIDString = 2F5405552B8BFC4900C8BC99;
			remoteInfo = "ClinicalLab(Driver)";
		};
/* End PBXContainerItemProxy section */

/* Begin PBXFileReference section */
		2F29C3B52B9F63770032AB33 /* MapView.swift */ = {isa = PBXFileReference; lastKnownFileType = sourcecode.swift; path = MapView.swift; sourceTree = "<group>"; };
		2F387A2E2B96A381000ED2B0 /* Driver.swift */ = {isa = PBXFileReference; lastKnownFileType = sourcecode.swift; path = Driver.swift; sourceTree = "<group>"; };
		2F5405562B8BFC4900C8BC99 /* ClinicalLab(Driver).app */ = {isa = PBXFileReference; explicitFileType = wrapper.application; includeInIndex = 0; path = "ClinicalLab(Driver).app"; sourceTree = BUILT_PRODUCTS_DIR; };
		2F5405592B8BFC4900C8BC99 /* ClinicalLab_Driver_App.swift */ = {isa = PBXFileReference; lastKnownFileType = sourcecode.swift; path = ClinicalLab_Driver_App.swift; sourceTree = "<group>"; };
		2F54055B2B8BFC4900C8BC99 /* ContentView.swift */ = {isa = PBXFileReference; lastKnownFileType = sourcecode.swift; path = ContentView.swift; sourceTree = "<group>"; };
		2F54055D2B8BFC4B00C8BC99 /* Assets.xcassets */ = {isa = PBXFileReference; lastKnownFileType = folder.assetcatalog; path = Assets.xcassets; sourceTree = "<group>"; };
		2F5405602B8BFC4B00C8BC99 /* Preview Assets.xcassets */ = {isa = PBXFileReference; lastKnownFileType = folder.assetcatalog; path = "Preview Assets.xcassets"; sourceTree = "<group>"; };
		2F5405662B8BFC4B00C8BC99 /* ClinicalLab(Driver)Tests.xctest */ = {isa = PBXFileReference; explicitFileType = wrapper.cfbundle; includeInIndex = 0; path = "ClinicalLab(Driver)Tests.xctest"; sourceTree = BUILT_PRODUCTS_DIR; };
		2F54056A2B8BFC4B00C8BC99 /* ClinicalLab_Driver_Tests.swift */ = {isa = PBXFileReference; lastKnownFileType = sourcecode.swift; path = ClinicalLab_Driver_Tests.swift; sourceTree = "<group>"; };
		2F5405702B8BFC4B00C8BC99 /* ClinicalLab(Driver)UITests.xctest */ = {isa = PBXFileReference; explicitFileType = wrapper.cfbundle; includeInIndex = 0; path = "ClinicalLab(Driver)UITests.xctest"; sourceTree = BUILT_PRODUCTS_DIR; };
		2F5405742B8BFC4B00C8BC99 /* ClinicalLab_Driver_UITests.swift */ = {isa = PBXFileReference; lastKnownFileType = sourcecode.swift; path = ClinicalLab_Driver_UITests.swift; sourceTree = "<group>"; };
		2F5405762B8BFC4B00C8BC99 /* ClinicalLab_Driver_UITestsLaunchTests.swift */ = {isa = PBXFileReference; lastKnownFileType = sourcecode.swift; path = ClinicalLab_Driver_UITestsLaunchTests.swift; sourceTree = "<group>"; };
		2F5405872B8BFD1900C8BC99 /* LoginService.swift */ = {isa = PBXFileReference; lastKnownFileType = sourcecode.swift; path = LoginService.swift; sourceTree = "<group>"; };
		2F5405892B8BFD2100C8BC99 /* LoginViewModel.swift */ = {isa = PBXFileReference; lastKnownFileType = sourcecode.swift; path = LoginViewModel.swift; sourceTree = "<group>"; };
		2F54058B2B8BFD7A00C8BC99 /* LoginView.swift */ = {isa = PBXFileReference; lastKnownFileType = sourcecode.swift; path = LoginView.swift; sourceTree = "<group>"; };
		2F54058D2B8BFF0D00C8BC99 /* SignUpService.swift */ = {isa = PBXFileReference; lastKnownFileType = sourcecode.swift; path = SignUpService.swift; sourceTree = "<group>"; };
		2F54058F2B8BFF8D00C8BC99 /* SignUpViewModel.swift */ = {isa = PBXFileReference; lastKnownFileType = sourcecode.swift; path = SignUpViewModel.swift; sourceTree = "<group>"; };
		2F5405912B8BFFA200C8BC99 /* SignUpView.swift */ = {isa = PBXFileReference; lastKnownFileType = sourcecode.swift; path = SignUpView.swift; sourceTree = "<group>"; };
		2F5405932B8C001800C8BC99 /* SignUpRequest.swift */ = {isa = PBXFileReference; lastKnownFileType = sourcecode.swift; path = SignUpRequest.swift; sourceTree = "<group>"; };
		2F5405952B8C0BD900C8BC99 /* LoginRequest.swift */ = {isa = PBXFileReference; lastKnownFileType = sourcecode.swift; path = LoginRequest.swift; sourceTree = "<group>"; };
		2F5405972B8C142C00C8BC99 /* RouteService.swift */ = {isa = PBXFileReference; lastKnownFileType = sourcecode.swift; path = RouteService.swift; sourceTree = "<group>"; };
		2F5405992B8C143800C8BC99 /* Route.swift */ = {isa = PBXFileReference; lastKnownFileType = sourcecode.swift; path = Route.swift; sourceTree = "<group>"; };
		2F54059B2B8C14B900C8BC99 /* RouteViewModel.swift */ = {isa = PBXFileReference; lastKnownFileType = sourcecode.swift; path = RouteViewModel.swift; sourceTree = "<group>"; };
		2F54059D2B8C14DD00C8BC99 /* RoutesView.swift */ = {isa = PBXFileReference; lastKnownFileType = sourcecode.swift; path = RoutesView.swift; sourceTree = "<group>"; };
		2F58352D2BAC046400304322 /* LoginViewModelTests.swift */ = {isa = PBXFileReference; lastKnownFileType = sourcecode.swift; path = LoginViewModelTests.swift; sourceTree = "<group>"; };
		2F5835312BAC07B700304322 /* LoginViewUITests.swift */ = {isa = PBXFileReference; lastKnownFileType = sourcecode.swift; path = LoginViewUITests.swift; sourceTree = "<group>"; };
		2FB32CF62BA2038100B99611 /* MapViewModel.swift */ = {isa = PBXFileReference; lastKnownFileType = sourcecode.swift; path = MapViewModel.swift; sourceTree = "<group>"; };
		2FB32CF82BA214D600B99611 /* CustomerMapView.swift */ = {isa = PBXFileReference; lastKnownFileType = sourcecode.swift; path = CustomerMapView.swift; sourceTree = "<group>"; };
		2FB32CFA2BA25CD900B99611 /* SettingsView.swift */ = {isa = PBXFileReference; lastKnownFileType = sourcecode.swift; path = SettingsView.swift; sourceTree = "<group>"; };
/* End PBXFileReference section */

/* Begin PBXFrameworksBuildPhase section */
		2F5405532B8BFC4900C8BC99 /* Frameworks */ = {
			isa = PBXFrameworksBuildPhase;
			buildActionMask = 2147483647;
			files = (
			);
			runOnlyForDeploymentPostprocessing = 0;
		};
		2F5405632B8BFC4B00C8BC99 /* Frameworks */ = {
			isa = PBXFrameworksBuildPhase;
			buildActionMask = 2147483647;
			files = (
			);
			runOnlyForDeploymentPostprocessing = 0;
		};
		2F54056D2B8BFC4B00C8BC99 /* Frameworks */ = {
			isa = PBXFrameworksBuildPhase;
			buildActionMask = 2147483647;
			files = (
			);
			runOnlyForDeploymentPostprocessing = 0;
		};
/* End PBXFrameworksBuildPhase section */

/* Begin PBXGroup section */
		2F54054D2B8BFC4900C8BC99 = {
			isa = PBXGroup;
			children = (
				2F5405582B8BFC4900C8BC99 /* ClinicalLab(Driver) */,
				2F5405692B8BFC4B00C8BC99 /* ClinicalLab(Driver)Tests */,
				2F5405732B8BFC4B00C8BC99 /* ClinicalLab(Driver)UITests */,
				2F5405572B8BFC4900C8BC99 /* Products */,
			);
			sourceTree = "<group>";
		};
		2F5405572B8BFC4900C8BC99 /* Products */ = {
			isa = PBXGroup;
			children = (
				2F5405562B8BFC4900C8BC99 /* ClinicalLab(Driver).app */,
				2F5405662B8BFC4B00C8BC99 /* ClinicalLab(Driver)Tests.xctest */,
				2F5405702B8BFC4B00C8BC99 /* ClinicalLab(Driver)UITests.xctest */,
			);
			name = Products;
			sourceTree = "<group>";
		};
		2F5405582B8BFC4900C8BC99 /* ClinicalLab(Driver) */ = {
			isa = PBXGroup;
			children = (
				2F5405592B8BFC4900C8BC99 /* ClinicalLab_Driver_App.swift */,
				2F5405842B8BFCFC00C8BC99 /* Model */,
				2F5405862B8BFD0C00C8BC99 /* ViewModel */,
				2F5405852B8BFD0700C8BC99 /* View */,
				2F5405832B8BFCF500C8BC99 /* Service */,
				2F54055D2B8BFC4B00C8BC99 /* Assets.xcassets */,
				2F54055F2B8BFC4B00C8BC99 /* Preview Content */,
			);
			path = "ClinicalLab(Driver)";
			sourceTree = "<group>";
		};
		2F54055F2B8BFC4B00C8BC99 /* Preview Content */ = {
			isa = PBXGroup;
			children = (
				2F5405602B8BFC4B00C8BC99 /* Preview Assets.xcassets */,
			);
			path = "Preview Content";
			sourceTree = "<group>";
		};
		2F5405692B8BFC4B00C8BC99 /* ClinicalLab(Driver)Tests */ = {
			isa = PBXGroup;
			children = (
				2F54056A2B8BFC4B00C8BC99 /* ClinicalLab_Driver_Tests.swift */,
				2F58352D2BAC046400304322 /* LoginViewModelTests.swift */,
			);
			path = "ClinicalLab(Driver)Tests";
			sourceTree = "<group>";
		};
		2F5405732B8BFC4B00C8BC99 /* ClinicalLab(Driver)UITests */ = {
			isa = PBXGroup;
			children = (
				2F5405742B8BFC4B00C8BC99 /* ClinicalLab_Driver_UITests.swift */,
				2F5405762B8BFC4B00C8BC99 /* ClinicalLab_Driver_UITestsLaunchTests.swift */,
				2F5835312BAC07B700304322 /* LoginViewUITests.swift */,
			);
			path = "ClinicalLab(Driver)UITests";
			sourceTree = "<group>";
		};
		2F5405832B8BFCF500C8BC99 /* Service */ = {
			isa = PBXGroup;
			children = (
				2F5405972B8C142C00C8BC99 /* RouteService.swift */,
				2F5405872B8BFD1900C8BC99 /* LoginService.swift */,
				2F54058D2B8BFF0D00C8BC99 /* SignUpService.swift */,
			);
			path = Service;
			sourceTree = "<group>";
		};
		2F5405842B8BFCFC00C8BC99 /* Model */ = {
			isa = PBXGroup;
			children = (
				2F5405932B8C001800C8BC99 /* SignUpRequest.swift */,
				2F5405952B8C0BD900C8BC99 /* LoginRequest.swift */,
				2F5405992B8C143800C8BC99 /* Route.swift */,
				2F387A2E2B96A381000ED2B0 /* Driver.swift */,
			);
			path = Model;
			sourceTree = "<group>";
		};
		2F5405852B8BFD0700C8BC99 /* View */ = {
			isa = PBXGroup;
			children = (
				2F54058B2B8BFD7A00C8BC99 /* LoginView.swift */,
				2F54055B2B8BFC4900C8BC99 /* ContentView.swift */,
				2F5405912B8BFFA200C8BC99 /* SignUpView.swift */,
				2F54059D2B8C14DD00C8BC99 /* RoutesView.swift */,
				2F29C3B52B9F63770032AB33 /* MapView.swift */,
				2FB32CF82BA214D600B99611 /* CustomerMapView.swift */,
				2FB32CFA2BA25CD900B99611 /* SettingsView.swift */,
			);
			path = View;
			sourceTree = "<group>";
		};
		2F5405862B8BFD0C00C8BC99 /* ViewModel */ = {
			isa = PBXGroup;
			children = (
				2F5405892B8BFD2100C8BC99 /* LoginViewModel.swift */,
				2F54059B2B8C14B900C8BC99 /* RouteViewModel.swift */,
				2F54058F2B8BFF8D00C8BC99 /* SignUpViewModel.swift */,
				2FB32CF62BA2038100B99611 /* MapViewModel.swift */,
			);
			path = ViewModel;
			sourceTree = "<group>";
		};
/* End PBXGroup section */

/* Begin PBXNativeTarget section */
		2F5405552B8BFC4900C8BC99 /* ClinicalLab(Driver) */ = {
			isa = PBXNativeTarget;
			buildConfigurationList = 2F54057A2B8BFC4B00C8BC99 /* Build configuration list for PBXNativeTarget "ClinicalLab(Driver)" */;
			buildPhases = (
				2F5405522B8BFC4900C8BC99 /* Sources */,
				2F5405532B8BFC4900C8BC99 /* Frameworks */,
				2F5405542B8BFC4900C8BC99 /* Resources */,
			);
			buildRules = (
			);
			dependencies = (
			);
			name = "ClinicalLab(Driver)";
			productName = "ClinicalLab(Driver)";
			productReference = 2F5405562B8BFC4900C8BC99 /* ClinicalLab(Driver).app */;
			productType = "com.apple.product-type.application";
		};
		2F5405652B8BFC4B00C8BC99 /* ClinicalLab(Driver)Tests */ = {
			isa = PBXNativeTarget;
			buildConfigurationList = 2F54057D2B8BFC4B00C8BC99 /* Build configuration list for PBXNativeTarget "ClinicalLab(Driver)Tests" */;
			buildPhases = (
				2F5405622B8BFC4B00C8BC99 /* Sources */,
				2F5405632B8BFC4B00C8BC99 /* Frameworks */,
				2F5405642B8BFC4B00C8BC99 /* Resources */,
			);
			buildRules = (
			);
			dependencies = (
				2F5405682B8BFC4B00C8BC99 /* PBXTargetDependency */,
			);
			name = "ClinicalLab(Driver)Tests";
			productName = "ClinicalLab(Driver)Tests";
			productReference = 2F5405662B8BFC4B00C8BC99 /* ClinicalLab(Driver)Tests.xctest */;
			productType = "com.apple.product-type.bundle.unit-test";
		};
		2F54056F2B8BFC4B00C8BC99 /* ClinicalLab(Driver)UITests */ = {
			isa = PBXNativeTarget;
			buildConfigurationList = 2F5405802B8BFC4B00C8BC99 /* Build configuration list for PBXNativeTarget "ClinicalLab(Driver)UITests" */;
			buildPhases = (
				2F54056C2B8BFC4B00C8BC99 /* Sources */,
				2F54056D2B8BFC4B00C8BC99 /* Frameworks */,
				2F54056E2B8BFC4B00C8BC99 /* Resources */,
			);
			buildRules = (
			);
			dependencies = (
				2F5405722B8BFC4B00C8BC99 /* PBXTargetDependency */,
			);
			name = "ClinicalLab(Driver)UITests";
			productName = "ClinicalLab(Driver)UITests";
			productReference = 2F5405702B8BFC4B00C8BC99 /* ClinicalLab(Driver)UITests.xctest */;
			productType = "com.apple.product-type.bundle.ui-testing";
		};
/* End PBXNativeTarget section */

/* Begin PBXProject section */
		2F54054E2B8BFC4900C8BC99 /* Project object */ = {
			isa = PBXProject;
			attributes = {
				BuildIndependentTargetsInParallel = 1;
				LastSwiftUpdateCheck = 1520;
				LastUpgradeCheck = 1520;
				TargetAttributes = {
					2F5405552B8BFC4900C8BC99 = {
						CreatedOnToolsVersion = 15.2;
					};
					2F5405652B8BFC4B00C8BC99 = {
						CreatedOnToolsVersion = 15.2;
						TestTargetID = 2F5405552B8BFC4900C8BC99;
					};
					2F54056F2B8BFC4B00C8BC99 = {
						CreatedOnToolsVersion = 15.2;
						TestTargetID = 2F5405552B8BFC4900C8BC99;
					};
				};
			};
			buildConfigurationList = 2F5405512B8BFC4900C8BC99 /* Build configuration list for PBXProject "ClinicalLab(Driver)" */;
			compatibilityVersion = "Xcode 14.0";
			developmentRegion = en;
			hasScannedForEncodings = 0;
			knownRegions = (
				en,
				Base,
			);
			mainGroup = 2F54054D2B8BFC4900C8BC99;
			productRefGroup = 2F5405572B8BFC4900C8BC99 /* Products */;
			projectDirPath = "";
			projectRoot = "";
			targets = (
				2F5405552B8BFC4900C8BC99 /* ClinicalLab(Driver) */,
				2F5405652B8BFC4B00C8BC99 /* ClinicalLab(Driver)Tests */,
				2F54056F2B8BFC4B00C8BC99 /* ClinicalLab(Driver)UITests */,
			);
		};
/* End PBXProject section */

/* Begin PBXResourcesBuildPhase section */
		2F5405542B8BFC4900C8BC99 /* Resources */ = {
			isa = PBXResourcesBuildPhase;
			buildActionMask = 2147483647;
			files = (
				2F5405612B8BFC4B00C8BC99 /* Preview Assets.xcassets in Resources */,
				2F54055E2B8BFC4B00C8BC99 /* Assets.xcassets in Resources */,
			);
			runOnlyForDeploymentPostprocessing = 0;
		};
		2F5405642B8BFC4B00C8BC99 /* Resources */ = {
			isa = PBXResourcesBuildPhase;
			buildActionMask = 2147483647;
			files = (
			);
			runOnlyForDeploymentPostprocessing = 0;
		};
		2F54056E2B8BFC4B00C8BC99 /* Resources */ = {
			isa = PBXResourcesBuildPhase;
			buildActionMask = 2147483647;
			files = (
			);
			runOnlyForDeploymentPostprocessing = 0;
		};
/* End PBXResourcesBuildPhase section */

/* Begin PBXSourcesBuildPhase section */
		2F5405522B8BFC4900C8BC99 /* Sources */ = {
			isa = PBXSourcesBuildPhase;
			buildActionMask = 2147483647;
			files = (
				2F387A2F2B96A381000ED2B0 /* Driver.swift in Sources */,
				2F29C3B62B9F63770032AB33 /* MapView.swift in Sources */,
				2F54058A2B8BFD2100C8BC99 /* LoginViewModel.swift in Sources */,
				2F54058E2B8BFF0D00C8BC99 /* SignUpService.swift in Sources */,
				2F54059E2B8C14DD00C8BC99 /* RoutesView.swift in Sources */,
				2F54055C2B8BFC4900C8BC99 /* ContentView.swift in Sources */,
				2F5405962B8C0BD900C8BC99 /* LoginRequest.swift in Sources */,
				2FB32CF92BA214D600B99611 /* CustomerMapView.swift in Sources */,
				2F5405882B8BFD1900C8BC99 /* LoginService.swift in Sources */,
				2F54059C2B8C14B900C8BC99 /* RouteViewModel.swift in Sources */,
				2F5405922B8BFFA200C8BC99 /* SignUpView.swift in Sources */,
				2F5405942B8C001800C8BC99 /* SignUpRequest.swift in Sources */,
				2F54058C2B8BFD7A00C8BC99 /* LoginView.swift in Sources */,
				2F5405982B8C142C00C8BC99 /* RouteService.swift in Sources */,
				2FB32CF72BA2038100B99611 /* MapViewModel.swift in Sources */,
				2F54059A2B8C143800C8BC99 /* Route.swift in Sources */,
				2F54055A2B8BFC4900C8BC99 /* ClinicalLab_Driver_App.swift in Sources */,
				2F5405902B8BFF8D00C8BC99 /* SignUpViewModel.swift in Sources */,
				2FB32CFB2BA25CD900B99611 /* SettingsView.swift in Sources */,
			);
			runOnlyForDeploymentPostprocessing = 0;
		};
		2F5405622B8BFC4B00C8BC99 /* Sources */ = {
			isa = PBXSourcesBuildPhase;
			buildActionMask = 2147483647;
			files = (
				2F58352E2BAC046400304322 /* LoginViewModelTests.swift in Sources */,
				2F54056B2B8BFC4B00C8BC99 /* ClinicalLab_Driver_Tests.swift in Sources */,
			);
			runOnlyForDeploymentPostprocessing = 0;
		};
		2F54056C2B8BFC4B00C8BC99 /* Sources */ = {
			isa = PBXSourcesBuildPhase;
			buildActionMask = 2147483647;
			files = (
				2F5405752B8BFC4B00C8BC99 /* ClinicalLab_Driver_UITests.swift in Sources */,
				2F5835322BAC07B700304322 /* LoginViewUITests.swift in Sources */,
				2F5405772B8BFC4B00C8BC99 /* ClinicalLab_Driver_UITestsLaunchTests.swift in Sources */,
			);
			runOnlyForDeploymentPostprocessing = 0;
		};
/* End PBXSourcesBuildPhase section */

/* Begin PBXTargetDependency section */
		2F5405682B8BFC4B00C8BC99 /* PBXTargetDependency */ = {
			isa = PBXTargetDependency;
			target = 2F5405552B8BFC4900C8BC99 /* ClinicalLab(Driver) */;
			targetProxy = 2F5405672B8BFC4B00C8BC99 /* PBXContainerItemProxy */;
		};
		2F5405722B8BFC4B00C8BC99 /* PBXTargetDependency */ = {
			isa = PBXTargetDependency;
			target = 2F5405552B8BFC4900C8BC99 /* ClinicalLab(Driver) */;
			targetProxy = 2F5405712B8BFC4B00C8BC99 /* PBXContainerItemProxy */;
		};
/* End PBXTargetDependency section */

/* Begin XCBuildConfiguration section */
		2F5405782B8BFC4B00C8BC99 /* Debug */ = {
			isa = XCBuildConfiguration;
			buildSettings = {
				ALWAYS_SEARCH_USER_PATHS = NO;
				ASSETCATALOG_COMPILER_GENERATE_SWIFT_ASSET_SYMBOL_EXTENSIONS = YES;
				CLANG_ANALYZER_NONNULL = YES;
				CLANG_ANALYZER_NUMBER_OBJECT_CONVERSION = YES_AGGRESSIVE;
				CLANG_CXX_LANGUAGE_STANDARD = "gnu++20";
				CLANG_ENABLE_MODULES = YES;
				CLANG_ENABLE_OBJC_ARC = YES;
				CLANG_ENABLE_OBJC_WEAK = YES;
				CLANG_WARN_BLOCK_CAPTURE_AUTORELEASING = YES;
				CLANG_WARN_BOOL_CONVERSION = YES;
				CLANG_WARN_COMMA = YES;
				CLANG_WARN_CONSTANT_CONVERSION = YES;
				CLANG_WARN_DEPRECATED_OBJC_IMPLEMENTATIONS = YES;
				CLANG_WARN_DIRECT_OBJC_ISA_USAGE = YES_ERROR;
				CLANG_WARN_DOCUMENTATION_COMMENTS = YES;
				CLANG_WARN_EMPTY_BODY = YES;
				CLANG_WARN_ENUM_CONVERSION = YES;
				CLANG_WARN_INFINITE_RECURSION = YES;
				CLANG_WARN_INT_CONVERSION = YES;
				CLANG_WARN_NON_LITERAL_NULL_CONVERSION = YES;
				CLANG_WARN_OBJC_IMPLICIT_RETAIN_SELF = YES;
				CLANG_WARN_OBJC_LITERAL_CONVERSION = YES;
				CLANG_WARN_OBJC_ROOT_CLASS = YES_ERROR;
				CLANG_WARN_QUOTED_INCLUDE_IN_FRAMEWORK_HEADER = YES;
				CLANG_WARN_RANGE_LOOP_ANALYSIS = YES;
				CLANG_WARN_STRICT_PROTOTYPES = YES;
				CLANG_WARN_SUSPICIOUS_MOVE = YES;
				CLANG_WARN_UNGUARDED_AVAILABILITY = YES_AGGRESSIVE;
				CLANG_WARN_UNREACHABLE_CODE = YES;
				CLANG_WARN__DUPLICATE_METHOD_MATCH = YES;
				COPY_PHASE_STRIP = NO;
				DEBUG_INFORMATION_FORMAT = dwarf;
				ENABLE_STRICT_OBJC_MSGSEND = YES;
				ENABLE_TESTABILITY = YES;
				ENABLE_USER_SCRIPT_SANDBOXING = YES;
				GCC_C_LANGUAGE_STANDARD = gnu17;
				GCC_DYNAMIC_NO_PIC = NO;
				GCC_NO_COMMON_BLOCKS = YES;
				GCC_OPTIMIZATION_LEVEL = 0;
				GCC_PREPROCESSOR_DEFINITIONS = (
					"DEBUG=1",
					"$(inherited)",
				);
				GCC_WARN_64_TO_32_BIT_CONVERSION = YES;
				GCC_WARN_ABOUT_RETURN_TYPE = YES_ERROR;
				GCC_WARN_UNDECLARED_SELECTOR = YES;
				GCC_WARN_UNINITIALIZED_AUTOS = YES_AGGRESSIVE;
				GCC_WARN_UNUSED_FUNCTION = YES;
				GCC_WARN_UNUSED_VARIABLE = YES;
				INFOPLIST_KEY_NSFaceIDUsageDescription = "App uses Face ID for authentication";
				INFOPLIST_KEY_NSLocationWhenInUseUsageDescription = "We need your location to calculate distance";
				IPHONEOS_DEPLOYMENT_TARGET = 17.2;
				LOCALIZATION_PREFERS_STRING_CATALOGS = YES;
				MTL_ENABLE_DEBUG_INFO = INCLUDE_SOURCE;
				MTL_FAST_MATH = YES;
				ONLY_ACTIVE_ARCH = YES;
				SDKROOT = iphoneos;
				SWIFT_ACTIVE_COMPILATION_CONDITIONS = "DEBUG $(inherited)";
				SWIFT_OPTIMIZATION_LEVEL = "-Onone";
			};
			name = Debug;
		};
		2F5405792B8BFC4B00C8BC99 /* Release */ = {
			isa = XCBuildConfiguration;
			buildSettings = {
				ALWAYS_SEARCH_USER_PATHS = NO;
				ASSETCATALOG_COMPILER_GENERATE_SWIFT_ASSET_SYMBOL_EXTENSIONS = YES;
				CLANG_ANALYZER_NONNULL = YES;
				CLANG_ANALYZER_NUMBER_OBJECT_CONVERSION = YES_AGGRESSIVE;
				CLANG_CXX_LANGUAGE_STANDARD = "gnu++20";
				CLANG_ENABLE_MODULES = YES;
				CLANG_ENABLE_OBJC_ARC = YES;
				CLANG_ENABLE_OBJC_WEAK = YES;
				CLANG_WARN_BLOCK_CAPTURE_AUTORELEASING = YES;
				CLANG_WARN_BOOL_CONVERSION = YES;
				CLANG_WARN_COMMA = YES;
				CLANG_WARN_CONSTANT_CONVERSION = YES;
				CLANG_WARN_DEPRECATED_OBJC_IMPLEMENTATIONS = YES;
				CLANG_WARN_DIRECT_OBJC_ISA_USAGE = YES_ERROR;
				CLANG_WARN_DOCUMENTATION_COMMENTS = YES;
				CLANG_WARN_EMPTY_BODY = YES;
				CLANG_WARN_ENUM_CONVERSION = YES;
				CLANG_WARN_INFINITE_RECURSION = YES;
				CLANG_WARN_INT_CONVERSION = YES;
				CLANG_WARN_NON_LITERAL_NULL_CONVERSION = YES;
				CLANG_WARN_OBJC_IMPLICIT_RETAIN_SELF = YES;
				CLANG_WARN_OBJC_LITERAL_CONVERSION = YES;
				CLANG_WARN_OBJC_ROOT_CLASS = YES_ERROR;
				CLANG_WARN_QUOTED_INCLUDE_IN_FRAMEWORK_HEADER = YES;
				CLANG_WARN_RANGE_LOOP_ANALYSIS = YES;
				CLANG_WARN_STRICT_PROTOTYPES = YES;
				CLANG_WARN_SUSPICIOUS_MOVE = YES;
				CLANG_WARN_UNGUARDED_AVAILABILITY = YES_AGGRESSIVE;
				CLANG_WARN_UNREACHABLE_CODE = YES;
				CLANG_WARN__DUPLICATE_METHOD_MATCH = YES;
				COPY_PHASE_STRIP = NO;
				DEBUG_INFORMATION_FORMAT = "dwarf-with-dsym";
				ENABLE_NS_ASSERTIONS = NO;
				ENABLE_STRICT_OBJC_MSGSEND = YES;
				ENABLE_USER_SCRIPT_SANDBOXING = YES;
				GCC_C_LANGUAGE_STANDARD = gnu17;
				GCC_NO_COMMON_BLOCKS = YES;
				GCC_WARN_64_TO_32_BIT_CONVERSION = YES;
				GCC_WARN_ABOUT_RETURN_TYPE = YES_ERROR;
				GCC_WARN_UNDECLARED_SELECTOR = YES;
				GCC_WARN_UNINITIALIZED_AUTOS = YES_AGGRESSIVE;
				GCC_WARN_UNUSED_FUNCTION = YES;
				GCC_WARN_UNUSED_VARIABLE = YES;
				INFOPLIST_KEY_NSFaceIDUsageDescription = "App uses Face ID for authentication";
				INFOPLIST_KEY_NSLocationWhenInUseUsageDescription = "We need your location to calculate distance";
				IPHONEOS_DEPLOYMENT_TARGET = 17.2;
				LOCALIZATION_PREFERS_STRING_CATALOGS = YES;
				MTL_ENABLE_DEBUG_INFO = NO;
				MTL_FAST_MATH = YES;
				SDKROOT = iphoneos;
				SWIFT_COMPILATION_MODE = wholemodule;
				VALIDATE_PRODUCT = YES;
			};
			name = Release;
		};
		2F54057B2B8BFC4B00C8BC99 /* Debug */ = {
			isa = XCBuildConfiguration;
			buildSettings = {
				ASSETCATALOG_COMPILER_APPICON_NAME = AppIcon;
				ASSETCATALOG_COMPILER_GLOBAL_ACCENT_COLOR_NAME = AccentColor;
				CODE_SIGN_STYLE = Automatic;
				CURRENT_PROJECT_VERSION = 1;
				DEVELOPMENT_ASSET_PATHS = "\"ClinicalLab(Driver)/Preview Content\"";
				DEVELOPMENT_TEAM = 8LX2UKX6SY;
				ENABLE_PREVIEWS = YES;
				GENERATE_INFOPLIST_FILE = YES;
				INFOPLIST_KEY_UIApplicationSceneManifest_Generation = YES;
				INFOPLIST_KEY_UIApplicationSupportsIndirectInputEvents = YES;
				INFOPLIST_KEY_UILaunchScreen_Generation = YES;
				INFOPLIST_KEY_UISupportedInterfaceOrientations_iPad = "UIInterfaceOrientationPortrait UIInterfaceOrientationPortraitUpsideDown UIInterfaceOrientationLandscapeLeft UIInterfaceOrientationLandscapeRight";
				INFOPLIST_KEY_UISupportedInterfaceOrientations_iPhone = "UIInterfaceOrientationPortrait UIInterfaceOrientationLandscapeLeft UIInterfaceOrientationLandscapeRight";
				LD_RUNPATH_SEARCH_PATHS = (
					"$(inherited)",
					"@executable_path/Frameworks",
				);
				MARKETING_VERSION = 1.0;
				PRODUCT_BUNDLE_IDENTIFIER = "varajani.ClinicalLab-Driver-";
				PRODUCT_NAME = "$(TARGET_NAME)";
				SWIFT_EMIT_LOC_STRINGS = YES;
				SWIFT_VERSION = 5.0;
				TARGETED_DEVICE_FAMILY = "1,2";
			};
			name = Debug;
		};
		2F54057C2B8BFC4B00C8BC99 /* Release */ = {
			isa = XCBuildConfiguration;
			buildSettings = {
				ASSETCATALOG_COMPILER_APPICON_NAME = AppIcon;
				ASSETCATALOG_COMPILER_GLOBAL_ACCENT_COLOR_NAME = AccentColor;
				CODE_SIGN_STYLE = Automatic;
				CURRENT_PROJECT_VERSION = 1;
				DEVELOPMENT_ASSET_PATHS = "\"ClinicalLab(Driver)/Preview Content\"";
				DEVELOPMENT_TEAM = 8LX2UKX6SY;
				ENABLE_PREVIEWS = YES;
				GENERATE_INFOPLIST_FILE = YES;
				INFOPLIST_KEY_UIApplicationSceneManifest_Generation = YES;
				INFOPLIST_KEY_UIApplicationSupportsIndirectInputEvents = YES;
				INFOPLIST_KEY_UILaunchScreen_Generation = YES;
				INFOPLIST_KEY_UISupportedInterfaceOrientations_iPad = "UIInterfaceOrientationPortrait UIInterfaceOrientationPortraitUpsideDown UIInterfaceOrientationLandscapeLeft UIInterfaceOrientationLandscapeRight";
				INFOPLIST_KEY_UISupportedInterfaceOrientations_iPhone = "UIInterfaceOrientationPortrait UIInterfaceOrientationLandscapeLeft UIInterfaceOrientationLandscapeRight";
				LD_RUNPATH_SEARCH_PATHS = (
					"$(inherited)",
					"@executable_path/Frameworks",
				);
				MARKETING_VERSION = 1.0;
				PRODUCT_BUNDLE_IDENTIFIER = "varajani.ClinicalLab-Driver-";
				PRODUCT_NAME = "$(TARGET_NAME)";
				SWIFT_EMIT_LOC_STRINGS = YES;
				SWIFT_VERSION = 5.0;
				TARGETED_DEVICE_FAMILY = "1,2";
			};
			name = Release;
		};
		2F54057E2B8BFC4B00C8BC99 /* Debug */ = {
			isa = XCBuildConfiguration;
			buildSettings = {
				ALWAYS_EMBED_SWIFT_STANDARD_LIBRARIES = YES;
				BUNDLE_LOADER = "$(TEST_HOST)";
				CODE_SIGN_STYLE = Automatic;
				CURRENT_PROJECT_VERSION = 1;
				DEVELOPMENT_TEAM = 8LX2UKX6SY;
				GENERATE_INFOPLIST_FILE = YES;
				IPHONEOS_DEPLOYMENT_TARGET = 17.2;
				MARKETING_VERSION = 1.0;
				PRODUCT_BUNDLE_IDENTIFIER = "varajani.ClinicalLab-Driver-Tests";
				PRODUCT_NAME = "$(TARGET_NAME)";
				SWIFT_EMIT_LOC_STRINGS = NO;
				SWIFT_VERSION = 5.0;
				TARGETED_DEVICE_FAMILY = "1,2";
				TEST_HOST = "$(BUILT_PRODUCTS_DIR)/ClinicalLab(Driver).app/$(BUNDLE_EXECUTABLE_FOLDER_PATH)/ClinicalLab(Driver)";
			};
			name = Debug;
		};
		2F54057F2B8BFC4B00C8BC99 /* Release */ = {
			isa = XCBuildConfiguration;
			buildSettings = {
				ALWAYS_EMBED_SWIFT_STANDARD_LIBRARIES = YES;
				BUNDLE_LOADER = "$(TEST_HOST)";
				CODE_SIGN_STYLE = Automatic;
				CURRENT_PROJECT_VERSION = 1;
				DEVELOPMENT_TEAM = 8LX2UKX6SY;
				GENERATE_INFOPLIST_FILE = YES;
				IPHONEOS_DEPLOYMENT_TARGET = 17.2;
				MARKETING_VERSION = 1.0;
				PRODUCT_BUNDLE_IDENTIFIER = "varajani.ClinicalLab-Driver-Tests";
				PRODUCT_NAME = "$(TARGET_NAME)";
				SWIFT_EMIT_LOC_STRINGS = NO;
				SWIFT_VERSION = 5.0;
				TARGETED_DEVICE_FAMILY = "1,2";
				TEST_HOST = "$(BUILT_PRODUCTS_DIR)/ClinicalLab(Driver).app/$(BUNDLE_EXECUTABLE_FOLDER_PATH)/ClinicalLab(Driver)";
			};
			name = Release;
		};
		2F5405812B8BFC4B00C8BC99 /* Debug */ = {
			isa = XCBuildConfiguration;
			buildSettings = {
				ALWAYS_EMBED_SWIFT_STANDARD_LIBRARIES = YES;
				CODE_SIGN_STYLE = Automatic;
				CURRENT_PROJECT_VERSION = 1;
				DEVELOPMENT_TEAM = 8LX2UKX6SY;
				GENERATE_INFOPLIST_FILE = YES;
				MARKETING_VERSION = 1.0;
				PRODUCT_BUNDLE_IDENTIFIER = "varajani.ClinicalLab-Driver-UITests";
				PRODUCT_NAME = "$(TARGET_NAME)";
				SWIFT_EMIT_LOC_STRINGS = NO;
				SWIFT_VERSION = 5.0;
				TARGETED_DEVICE_FAMILY = "1,2";
				TEST_TARGET_NAME = "ClinicalLab(Driver)";
			};
			name = Debug;
		};
		2F5405822B8BFC4B00C8BC99 /* Release */ = {
			isa = XCBuildConfiguration;
			buildSettings = {
				ALWAYS_EMBED_SWIFT_STANDARD_LIBRARIES = YES;
				CODE_SIGN_STYLE = Automatic;
				CURRENT_PROJECT_VERSION = 1;
				DEVELOPMENT_TEAM = 8LX2UKX6SY;
				GENERATE_INFOPLIST_FILE = YES;
				MARKETING_VERSION = 1.0;
				PRODUCT_BUNDLE_IDENTIFIER = "varajani.ClinicalLab-Driver-UITests";
				PRODUCT_NAME = "$(TARGET_NAME)";
				SWIFT_EMIT_LOC_STRINGS = NO;
				SWIFT_VERSION = 5.0;
				TARGETED_DEVICE_FAMILY = "1,2";
				TEST_TARGET_NAME = "ClinicalLab(Driver)";
			};
			name = Release;
		};
/* End XCBuildConfiguration section */

/* Begin XCConfigurationList section */
		2F5405512B8BFC4900C8BC99 /* Build configuration list for PBXProject "ClinicalLab(Driver)" */ = {
			isa = XCConfigurationList;
			buildConfigurations = (
				2F5405782B8BFC4B00C8BC99 /* Debug */,
				2F5405792B8BFC4B00C8BC99 /* Release */,
			);
			defaultConfigurationIsVisible = 0;
			defaultConfigurationName = Release;
		};
		2F54057A2B8BFC4B00C8BC99 /* Build configuration list for PBXNativeTarget "ClinicalLab(Driver)" */ = {
			isa = XCConfigurationList;
			buildConfigurations = (
				2F54057B2B8BFC4B00C8BC99 /* Debug */,
				2F54057C2B8BFC4B00C8BC99 /* Release */,
			);
			defaultConfigurationIsVisible = 0;
			defaultConfigurationName = Release;
		};
		2F54057D2B8BFC4B00C8BC99 /* Build configuration list for PBXNativeTarget "ClinicalLab(Driver)Tests" */ = {
			isa = XCConfigurationList;
			buildConfigurations = (
				2F54057E2B8BFC4B00C8BC99 /* Debug */,
				2F54057F2B8BFC4B00C8BC99 /* Release */,
			);
			defaultConfigurationIsVisible = 0;
			defaultConfigurationName = Release;
		};
		2F5405802B8BFC4B00C8BC99 /* Build configuration list for PBXNativeTarget "ClinicalLab(Driver)UITests" */ = {
			isa = XCConfigurationList;
			buildConfigurations = (
				2F5405812B8BFC4B00C8BC99 /* Debug */,
				2F5405822B8BFC4B00C8BC99 /* Release */,
			);
			defaultConfigurationIsVisible = 0;
			defaultConfigurationName = Release;
		};
/* End XCConfigurationList section */
	};
	rootObject = 2F54054E2B8BFC4900C8BC99 /* Project object */;
}
